
Microsoft Visual Studio Solution File, Format Version 12.00
# Visual Studio 15
Project("{FAE04EC0-301F-11D3-BF4B-00C04F79EFBC}") = "Parabox.Stl", "Parabox.Stl.csproj", "{90F498CB-DB41-AF44-D920-4B09D8660F86}"
EndProject
Project("{FAE04EC0-301F-11D3-BF4B-00C04F79EFBC}") = "Assembly-CSharp", "Assembly-CSharp.csproj", "{83399E21-8C85-6774-E751-8CED1C6D6BE8}"
EndProject
Project("{FAE04EC0-301F-11D3-BF4B-00C04F79EFBC}") = "Parabox.Stl.Test", "Parabox.Stl.Test.csproj", "{1C2AAB00-B83F-1BD9-D9F9-8284A17081E1}"
EndProject
Project("{FAE04EC0-301F-11D3-BF4B-00C04F79EFBC}") = "Parabox.Stl.Editor", "Parabox.Stl.Editor.csproj", "{51424904-630E-7865-D3F6-9CFC35D83507}"
EndProject
Global
	GlobalSection(SolutionConfigurationPlatforms) = preSolution
		Debug|Any CPU = Debug|Any CPU
		Release|Any CPU = Release|Any CPU
	EndGlobalSection
	GlobalSection(ProjectConfigurationPlatforms) = postSolution
		{90F498CB-DB41-AF44-D920-4B09D8660F86}.Debug|Any CPU.ActiveCfg = Debug|Any CPU
		{90F498CB-DB41-AF44-D920-4B09D8660F86}.Debug|Any CPU.Build.0 = Debug|Any CPU
		{90F498CB-DB41-AF44-D920-4B09D8660F86}.Release|Any CPU.ActiveCfg = Release|Any CPU
		{90F498CB-DB41-AF44-D920-4B09D8660F86}.Release|Any CPU.Build.0 = Release|Any CPU
		{83399E21-8C85-6774-E751-8CED1C6D6BE8}.Debug|Any CPU.ActiveCfg = Debug|Any CPU
		{83399E21-8C85-6774-E751-8CED1C6D6BE8}.Debug|Any CPU.Build.0 = Debug|Any CPU
		{83399E21-8C85-6774-E751-8CED1C6D6BE8}.Release|Any CPU.ActiveCfg = Release|Any CPU
		{83399E21-8C85-6774-E751-8CED1C6D6BE8}.Release|Any CPU.Build.0 = Release|Any CPU
		{1C2AAB00-B83F-1BD9-D9F9-8284A17081E1}.Debug|Any CPU.ActiveCfg = Debug|Any CPU
		{1C2AAB00-B83F-1BD9-D9F9-8284A17081E1}.Debug|Any CPU.Build.0 = Debug|Any CPU
		{1C2AAB00-B83F-1BD9-D9F9-8284A17081E1}.Release|Any CPU.ActiveCfg = Release|Any CPU
		{1C2AAB00-B83F-1BD9-D9F9-8284A17081E1}.Release|Any CPU.Build.0 = Release|Any CPU
		{51424904-630E-7865-D3F6-9CFC35D83507}.Debug|Any CPU.ActiveCfg = Debug|Any CPU
		{51424904-630E-7865-D3F6-9CFC35D83507}.Debug|Any CPU.Build.0 = Debug|Any CPU
		{51424904-630E-7865-D3F6-9CFC35D83507}.Release|Any CPU.ActiveCfg = Release|Any CPU
		{51424904-630E-7865-D3F6-9CFC35D83507}.Release|Any CPU.Build.0 = Release|Any CPU
	EndGlobalSection
	GlobalSection(SolutionProperties) = preSolution
		HideSolutionNode = FALSE
	EndGlobalSection
EndGlobal
